// !$*UTF8*$!
{
	archiveVersion = 1;
	classes = {
	};
	objectVersion = 46;
	objects = {

/* Begin PBXBuildFile section */
		2D0B91561B2A77E30083389B /* main.m in Sources */ = {isa = PBXBuildFile; fileRef = 2D0B91551B2A77E30083389B /* main.m */; };
		2D0B91591B2A77E30083389B /* AppDelegate.m in Sources */ = {isa = PBXBuildFile; fileRef = 2D0B91581B2A77E30083389B /* AppDelegate.m */; };
		2D0B915C1B2A77E30083389B /* ViewController.m in Sources */ = {isa = PBXBuildFile; fileRef = 2D0B915B1B2A77E30083389B /* ViewController.m */; };
		2D0B915F1B2A77E30083389B /* Main.storyboard in Resources */ = {isa = PBXBuildFile; fileRef = 2D0B915D1B2A77E30083389B /* Main.storyboard */; };
		2D0B91611B2A77E30083389B /* Images.xcassets in Resources */ = {isa = PBXBuildFile; fileRef = 2D0B91601B2A77E30083389B /* Images.xcassets */; };
		2D0B91641B2A77E30083389B /* LaunchScreen.xib in Resources */ = {isa = PBXBuildFile; fileRef = 2D0B91621B2A77E30083389B /* LaunchScreen.xib */; };
		2D0B91701B2A77E30083389B /* CustomFlowLayoutDemoTests.m in Sources */ = {isa = PBXBuildFile; fileRef = 2D0B916F1B2A77E30083389B /* CustomFlowLayoutDemoTests.m */; };
		2D0B917B1B2A77FD0083389B /* CustomCollectionViewFlowLayout.m in Sources */ = {isa = PBXBuildFile; fileRef = 2D0B917A1B2A77FD0083389B /* CustomCollectionViewFlowLayout.m */; };
/* End PBXBuildFile section */

/* Begin PBXContainerItemProxy section */
		2D0B916A1B2A77E30083389B /* PBXContainerItemProxy */ = {
			isa = PBXContainerItemProxy;
			containerPortal = 2D0B91481B2A77E30083389B /* Project object */;
			proxyType = 1;
			remoteGlobalIDString = 2D0B914F1B2A77E30083389B;
			remoteInfo = CustomFlowLayoutDemo;
		};
/* End PBXContainerItemProxy section */

/* Begin PBXFileReference section */
		2D0B91501B2A77E30083389B /* CustomFlowLayoutDemo.app */ = {isa = PBXFileReference; explicitFileType = wrapper.application; includeInIndex = 0; path = CustomFlowLayoutDemo.app; sourceTree = BUILT_PRODUCTS_DIR; };
		2D0B91541B2A77E30083389B /* Info.plist */ = {isa = PBXFileReference; lastKnownFileType = text.plist.xml; path = Info.plist; sourceTree = "<group>"; };
		2D0B91551B2A77E30083389B /* main.m */ = {isa = PBXFileReference; lastKnownFileType = sourcecode.c.objc; path = main.m; sourceTree = "<group>"; };
		2D0B91571B2A77E30083389B /* AppDelegate.h */ = {isa = PBXFileReference; lastKnownFileType = sourcecode.c.h; path = AppDelegate.h; sourceTree = "<group>"; };
		2D0B91581B2A77E30083389B /* AppDelegate.m */ = {isa = PBXFileReference; lastKnownFileType = sourcecode.c.objc; path = AppDelegate.m; sourceTree = "<group>"; };
		2D0B915A1B2A77E30083389B /* ViewController.h */ = {isa = PBXFileReference; lastKnownFileType = sourcecode.c.h; path = ViewController.h; sourceTree = "<group>"; };
		2D0B915B1B2A77E30083389B /* ViewController.m */ = {isa = PBXFileReference; lastKnownFileType = sourcecode.c.objc; path = ViewController.m; sourceTree = "<group>"; };
		2D0B915E1B2A77E30083389B /* Base */ = {isa = PBXFileReference; lastKnownFileType = file.storyboard; name = Base; path = Base.lproj/Main.storyboard; sourceTree = "<group>"; };
		2D0B91601B2A77E30083389B /* Images.xcassets */ = {isa = PBXFileReference; lastKnownFileType = folder.assetcatalog; path = Images.xcassets; sourceTree = "<group>"; };
		2D0B91631B2A77E30083389B /* Base */ = {isa = PBXFileReference; lastKnownFileType = file.xib; name = Base; path = Base.lproj/LaunchScreen.xib; sourceTree = "<group>"; };
		2D0B91691B2A77E30083389B /* CustomFlowLayoutDemoTests.xctest */ = {isa = PBXFileReference; explicitFileType = wrapper.cfbundle; includeInIndex = 0; path = CustomFlowLayoutDemoTests.xctest; sourceTree = BUILT_PRODUCTS_DIR; };
		2D0B916E1B2A77E30083389B /* Info.plist */ = {isa = PBXFileReference; lastKnownFileType = text.plist.xml; path = Info.plist; sourceTree = "<group>"; };
		2D0B916F1B2A77E30083389B /* CustomFlowLayoutDemoTests.m */ = {isa = PBXFileReference; lastKnownFileType = sourcecode.c.objc; path = CustomFlowLayoutDemoTests.m; sourceTree = "<group>"; };
		2D0B91791B2A77FD0083389B /* CustomCollectionViewFlowLayout.h */ = {isa = PBXFileReference; fileEncoding = 4; lastKnownFileType = sourcecode.c.h; path = CustomCollectionViewFlowLayout.h; sourceTree = "<group>"; };
		2D0B917A1B2A77FD0083389B /* CustomCollectionViewFlowLayout.m */ = {isa = PBXFileReference; fileEncoding = 4; lastKnownFileType = sourcecode.c.objc; path = CustomCollectionViewFlowLayout.m; sourceTree = "<group>"; };
/* End PBXFileReference section */

/* Begin PBXFrameworksBuildPhase section */
		2D0B914D1B2A77E30083389B /* Frameworks */ = {
			isa = PBXFrameworksBuildPhase;
			buildActionMask = 2147483647;
			files = (
			);
			runOnlyForDeploymentPostprocessing = 0;
		};
		2D0B91661B2A77E30083389B /* Frameworks */ = {
			isa = PBXFrameworksBuildPhase;
			buildActionMask = 2147483647;
			files = (
			);
			runOnlyForDeploymentPostprocessing = 0;
		};
/* End PBXFrameworksBuildPhase section */

/* Begin PBXGroup section */
		2D0B91471B2A77E30083389B = {
			isa = PBXGroup;
			children = (
				2D0B91521B2A77E30083389B /* CustomFlowLayoutDemo */,
				2D0B916C1B2A77E30083389B /* CustomFlowLayoutDemoTests */,
				2D0B91511B2A77E30083389B /* Products */,
			);
			sourceTree = "<group>";
		};
		2D0B91511B2A77E30083389B /* Products */ = {
			isa = PBXGroup;
			children = (
				2D0B91501B2A77E30083389B /* CustomFlowLayoutDemo.app */,
				2D0B91691B2A77E30083389B /* CustomFlowLayoutDemoTests.xctest */,
			);
			name = Products;
			sourceTree = "<group>";
		};
		2D0B91521B2A77E30083389B /* CustomFlowLayoutDemo */ = {
			isa = PBXGroup;
			children = (
				2D0B91571B2A77E30083389B /* AppDelegate.h */,
				2D0B91581B2A77E30083389B /* AppDelegate.m */,
				2D0B915A1B2A77E30083389B /* ViewController.h */,
				2D0B915B1B2A77E30083389B /* ViewController.m */,
				2D0B915D1B2A77E30083389B /* Main.storyboard */,
				2D0B91601B2A77E30083389B /* Images.xcassets */,
				2D0B91621B2A77E30083389B /* LaunchScreen.xib */,
				2D0B91531B2A77E30083389B /* Supporting Files */,
				2D0B91791B2A77FD0083389B /* CustomCollectionViewFlowLayout.h */,
				2D0B917A1B2A77FD0083389B /* CustomCollectionViewFlowLayout.m */,
			);
			path = CustomFlowLayoutDemo;
			sourceTree = "<group>";
		};
		2D0B91531B2A77E30083389B /* Supporting Files */ = {
			isa = PBXGroup;
			children = (
				2D0B91541B2A77E30083389B /* Info.plist */,
				2D0B91551B2A77E30083389B /* main.m */,
			);
			name = "Supporting Files";
			sourceTree = "<group>";
		};
		2D0B916C1B2A77E30083389B /* CustomFlowLayoutDemoTests */ = {
			isa = PBXGroup;
			children = (
				2D0B916F1B2A77E30083389B /* CustomFlowLayoutDemoTests.m */,
				2D0B916D1B2A77E30083389B /* Supporting Files */,
			);
			path = CustomFlowLayoutDemoTests;
			sourceTree = "<group>";
		};
		2D0B916D1B2A77E30083389B /* Supporting Files */ = {
			isa = PBXGroup;
			children = (
				2D0B916E1B2A77E30083389B /* Info.plist */,
			);
			name = "Supporting Files";
			sourceTree = "<group>";
		};
/* End PBXGroup section */

/* Begin PBXNativeTarget section */
		2D0B914F1B2A77E30083389B /* CustomFlowLayoutDemo */ = {
			isa = PBXNativeTarget;
			buildConfigurationList = 2D0B91731B2A77E30083389B /* Build configuration list for PBXNativeTarget "CustomFlowLayoutDemo" */;
			buildPhases = (
				2D0B914C1B2A77E30083389B /* Sources */,
				2D0B914D1B2A77E30083389B /* Frameworks */,
				2D0B914E1B2A77E30083389B /* Resources */,
			);
			buildRules = (
			);
			dependencies = (
			);
			name = CustomFlowLayoutDemo;
			productName = CustomFlowLayoutDemo;
			productReference = 2D0B91501B2A77E30083389B /* CustomFlowLayoutDemo.app */;
			productType = "com.apple.product-type.application";
		};
		2D0B91681B2A77E30083389B /* CustomFlowLayoutDemoTests */ = {
			isa = PBXNativeTarget;
			buildConfigurationList = 2D0B91761B2A77E30083389B /* Build configuration list for PBXNativeTarget "CustomFlowLayoutDemoTests" */;
			buildPhases = (
				2D0B91651B2A77E30083389B /* Sources */,
				2D0B91661B2A77E30083389B /* Frameworks */,
				2D0B91671B2A77E30083389B /* Resources */,
			);
			buildRules = (
			);
			dependencies = (
				2D0B916B1B2A77E30083389B /* PBXTargetDependency */,
			);
			name = CustomFlowLayoutDemoTests;
			productName = CustomFlowLayoutDemoTests;
			productReference = 2D0B91691B2A77E30083389B /* CustomFlowLayoutDemoTests.xctest */;
			productType = "com.apple.product-type.bundle.unit-test";
		};
/* End PBXNativeTarget section */

/* Begin PBXProject section */
		2D0B91481B2A77E30083389B /* Project object */ = {
			isa = PBXProject;
			attributes = {
				LastUpgradeCheck = 0630;
				ORGANIZATIONNAME = wangbo;
				TargetAttributes = {
					2D0B914F1B2A77E30083389B = {
						CreatedOnToolsVersion = 6.3.2;
					};
					2D0B91681B2A77E30083389B = {
						CreatedOnToolsVersion = 6.3.2;
						TestTargetID = 2D0B914F1B2A77E30083389B;
					};
				};
			};
			buildConfigurationList = 2D0B914B1B2A77E30083389B /* Build configuration list for PBXProject "CustomFlowLayoutDemo" */;
			compatibilityVersion = "Xcode 3.2";
			developmentRegion = English;
			hasScannedForEncodings = 0;
			knownRegions = (
				en,
				Base,
			);
			mainGroup = 2D0B91471B2A77E30083389B;
			productRefGroup = 2D0B91511B2A77E30083389B /* Products */;
			projectDirPath = "";
			projectRoot = "";
			targets = (
				2D0B914F1B2A77E30083389B /* CustomFlowLayoutDemo */,
				2D0B91681B2A77E30083389B /* CustomFlowLayoutDemoTests */,
			);
		};
/* End PBXProject section */

/* Begin PBXResourcesBuildPhase section */
		2D0B914E1B2A77E30083389B /* Resources */ = {
			isa = PBXResourcesBuildPhase;
			buildActionMask = 2147483647;
			files = (
				2D0B915F1B2A77E30083389B /* Main.storyboard in Resources */,
				2D0B91641B2A77E30083389B /* LaunchScreen.xib in Resources */,
				2D0B91611B2A77E30083389B /* Images.xcassets in Resources */,
			);
			runOnlyForDeploymentPostprocessing = 0;
		};
		2D0B91671B2A77E30083389B /* Resources */ = {
			isa = PBXResourcesBuildPhase;
			buildActionMask = 2147483647;
			files = (
			);
			runOnlyForDeploymentPostprocessing = 0;
		};
/* End PBXResourcesBuildPhase section */

/* Begin PBXSourcesBuildPhase section */
		2D0B914C1B2A77E30083389B /* Sources */ = {
			isa = PBXSourcesBuildPhase;
			buildActionMask = 2147483647;
			files = (
				2D0B915C1B2A77E30083389B /* ViewController.m in Sources */,
				2D0B91591B2A77E30083389B /* AppDelegate.m in Sources */,
				2D0B917B1B2A77FD0083389B /* CustomCollectionViewFlowLayout.m in Sources */,
				2D0B91561B2A77E30083389B /* main.m in Sources */,
			);
			runOnlyForDeploymentPostprocessing = 0;
		};
		2D0B91651B2A77E30083389B /* Sources */ = {
			isa = PBXSourcesBuildPhase;
			buildActionMask = 2147483647;
			files = (
				2D0B91701B2A77E30083389B /* CustomFlowLayoutDemoTests.m in Sources */,
			);
			runOnlyForDeploymentPostprocessing = 0;
		};
/* End PBXSourcesBuildPhase section */

/* Begin PBXTargetDependency section */
		2D0B916B1B2A77E30083389B /* PBXTargetDependency */ = {
			isa = PBXTargetDependency;
			target = 2D0B914F1B2A77E30083389B /* CustomFlowLayoutDemo */;
			targetProxy = 2D0B916A1B2A77E30083389B /* PBXContainerItemProxy */;
		};
/* End PBXTargetDependency section */

/* Begin PBXVariantGroup section */
		2D0B915D1B2A77E30083389B /* Main.storyboard */ = {
			isa = PBXVariantGroup;
			children = (
				2D0B915E1B2A77E30083389B /* Base */,
			);
			name = Main.storyboard;
			sourceTree = "<group>";
		};
		2D0B91621B2A77E30083389B /* LaunchScreen.xib */ = {
			isa = PBXVariantGroup;
			children = (
				2D0B91631B2A77E30083389B /* Base */,
			);
			name = LaunchScreen.xib;
			sourceTree = "<group>";
		};
/* End PBXVariantGroup section */

/* Begin XCBuildConfiguration section */
		2D0B91711B2A77E30083389B /* Debug */ = {
			isa = XCBuildConfiguration;
			buildSettings = {
				ALWAYS_SEARCH_USER_PATHS = NO;
				CLANG_CXX_LANGUAGE_STANDARD = "gnu++0x";
				CLANG_CXX_LIBRARY = "libc++";
				CLANG_ENABLE_MODULES = YES;
				CLANG_ENABLE_OBJC_ARC = YES;
				CLANG_WARN_BOOL_CONVERSION = YES;
				CLANG_WARN_CONSTANT_CONVERSION = YES;
				CLANG_WARN_DIRECT_OBJC_ISA_USAGE = YES_ERROR;
				CLANG_WARN_EMPTY_BODY = YES;
				CLANG_WARN_ENUM_CONVERSION = YES;
				CLANG_WARN_INT_CONVERSION = YES;
				CLANG_WARN_OBJC_ROOT_CLASS = YES_ERROR;
				CLANG_WARN_UNREACHABLE_CODE = YES;
				CLANG_WARN__DUPLICATE_METHOD_MATCH = YES;
				"CODE_SIGN_IDENTITY[sdk=iphoneos*]" = "iPhone Developer";
				COPY_PHASE_STRIP = NO;
				DEBUG_INFORMATION_FORMAT = "dwarf-with-dsym";
				ENABLE_STRICT_OBJC_MSGSEND = YES;
				GCC_C_LANGUAGE_STANDARD = gnu99;
				GCC_DYNAMIC_NO_PIC = NO;
				GCC_NO_COMMON_BLOCKS = YES;
				GCC_OPTIMIZATION_LEVEL = 0;
				GCC_PREPROCESSOR_DEFINITIONS = (
					"DEBUG=1",
					"$(inherited)",
				);
				GCC_SYMBOLS_PRIVATE_EXTERN = NO;
				GCC_WARN_64_TO_32_BIT_CONVERSION = YES;
				GCC_WARN_ABOUT_RETURN_TYPE = YES_ERROR;
				GCC_WARN_UNDECLARED_SELECTOR = YES;
				GCC_WARN_UNINITIALIZED_AUTOS = YES_AGGRESSIVE;
				GCC_WARN_UNUSED_FUNCTION = YES;
				GCC_WARN_UNUSED_VARIABLE = YES;
				IPHONEOS_DEPLOYMENT_TARGET = 8.3;
				MTL_ENABLE_DEBUG_INFO = YES;
				ONLY_ACTIVE_ARCH = YES;
				SDKROOT = iphoneos;
				TARGETED_DEVICE_FAMILY = "1,2";
			};
			name = Debug;
		};
		2D0B91721B2A77E30083389B /* Release */ = {
			isa = XCBuildConfiguration;
			buildSettings = {
				ALWAYS_SEARCH_USER_PATHS = NO;
				CLANG_CXX_LANGUAGE_STANDARD = "gnu++0x";
				CLANG_CXX_LIBRARY = "libc++";
				CLANG_ENABLE_MODULES = YES;
				CLANG_ENABLE_OBJC_ARC = YES;
				CLANG_WARN_BOOL_CONVERSION = YES;
				CLANG_WARN_CONSTANT_CONVERSION = YES;
				CLANG_WARN_DIRECT_OBJC_ISA_USAGE = YES_ERROR;
				CLANG_WARN_EMPTY_BODY = YES;
				CLANG_WARN_ENUM_CONVERSION = YES;
				CLANG_WARN_INT_CONVERSION = YES;
				CLANG_WARN_OBJC_ROOT_CLASS = YES_ERROR;
				CLANG_WARN_UNREACHABLE_CODE = YES;
				CLANG_WARN__DUPLICATE_METHOD_MATCH = YES;
				"CODE_SIGN_IDENTITY[sdk=iphoneos*]" = "iPhone Developer";
				COPY_PHASE_STRIP = NO;
				DEBUG_INFORMATION_FORMAT = "dwarf-with-dsym";
				ENABLE_NS_ASSERTIONS = NO;
				ENABLE_STRICT_OBJC_MSGSEND = YES;
				GCC_C_LANGUAGE_STANDARD = gnu99;
				GCC_NO_COMMON_BLOCKS = YES;
				GCC_WARN_64_TO_32_BIT_CONVERSION = YES;
				GCC_WARN_ABOUT_RETURN_TYPE = YES_ERROR;
				GCC_WARN_UNDECLARED_SELECTOR = YES;
				GCC_WARN_UNINITIALIZED_AUTOS = YES_AGGRESSIVE;
				GCC_WARN_UNUSED_FUNCTION = YES;
				GCC_WARN_UNUSED_VARIABLE = YES;
				IPHONEOS_DEPLOYMENT_TARGET = 8.3;
				MTL_ENABLE_DEBUG_INFO = NO;
				SDKROOT = iphoneos;
				TARGETED_DEVICE_FAMILY = "1,2";
				VALIDATE_PRODUCT = YES;
			};
			name = Release;
		};
		2D0B91741B2A77E30083389B /* Debug */ = {
			isa = XCBuildConfiguration;
			buildSettings = {
				ASSETCATALOG_COMPILER_APPICON_NAME = AppIcon;
				INFOPLIST_FILE = CustomFlowLayoutDemo/Info.plist;
				LD_RUNPATH_SEARCH_PATHS = "$(inherited) @executable_path/Frameworks";
				PRODUCT_NAME = "$(TARGET_NAME)";
			};
			name = Debug;
		};
		2D0B91751B2A77E30083389B /* Release */ = {
			isa = XCBuildConfiguration;
			buildSettings = {
				ASSETCATALOG_COMPILER_APPICON_NAME = AppIcon;
				INFOPLIST_FILE = CustomFlowLayoutDemo/Info.plist;
				LD_RUNPATH_SEARCH_PATHS = "$(inherited) @executable_path/Frameworks";
				PRODUCT_NAME = "$(TARGET_NAME)";
			};
			name = Release;
		};
		2D0B91771B2A77E30083389B /* Debug */ = {
			isa = XCBuildConfiguration;
			buildSettings = {
				BUNDLE_LOADER = "$(TEST_HOST)";
				FRAMEWORK_SEARCH_PATHS = (
					"$(SDKROOT)/Developer/Library/Frameworks",
					"$(inherited)",
				);
				GCC_PREPROCESSOR_DEFINITIONS = (
					"DEBUG=1",
					"$(inherited)",
				);
				INFOPLIST_FILE = CustomFlowLayoutDemoTests/Info.plist;
				LD_RUNPATH_SEARCH_PATHS = "$(inherited) @executable_path/Frameworks @loader_path/Frameworks";
				PRODUCT_NAME = "$(TARGET_NAME)";
				TEST_HOST = "$(BUILT_PRODUCTS_DIR)/CustomFlowLayoutDemo.app/CustomFlowLayoutDemo";
			};
			name = Debug;
		};
		2D0B91781B2A77E30083389B /* Release */ = {
			isa = XCBuildConfiguration;
			buildSettings = {
				BUNDLE_LOADER = "$(TEST_HOST)";
				FRAMEWORK_SEARCH_PATHS = (
					"$(SDKROOT)/Developer/Library/Frameworks",
					"$(inherited)",
				);
				INFOPLIST_FILE = CustomFlowLayoutDemoTests/Info.plist;
				LD_RUNPATH_SEARCH_PATHS = "$(inherited) @executable_path/Frameworks @loader_path/Frameworks";
				PRODUCT_NAME = "$(TARGET_NAME)";
				TEST_HOST = "$(BUILT_PRODUCTS_DIR)/CustomFlowLayoutDemo.app/CustomFlowLayoutDemo";
			};
			name = Release;
		};
/* End XCBuildConfiguration section */

/* Begin XCConfigurationList section */
		2D0B914B1B2A77E30083389B /* Build configuration list for PBXProject "CustomFlowLayoutDemo" */ = {
			isa = XCConfigurationList;
			buildConfigurations = (
				2D0B91711B2A77E30083389B /* Debug */,
				2D0B91721B2A77E30083389B /* Release */,
			);
			defaultConfigurationIsVisible = 0;
			defaultConfigurationName = Release;
		};
		2D0B91731B2A77E30083389B /* Build configuration list for PBXNativeTarget "CustomFlowLayoutDemo" */ = {
			isa = XCConfigurationList;
			buildConfigurations = (
				2D0B91741B2A77E30083389B /* Debug */,
				2D0B91751B2A77E30083389B /* Release */,
			);
			defaultConfigurationIsVisible = 0;
			defaultConfigurationName = Release;
		};
		2D0B91761B2A77E30083389B /* Build configuration list for PBXNativeTarget "CustomFlowLayoutDemoTests" */ = {
			isa = XCConfigurationList;
			buildConfigurations = (
				2D0B91771B2A77E30083389B /* Debug */,
				2D0B91781B2A77E30083389B /* Release */,
			);
			defaultConfigurationIsVisible = 0;
			defaultConfigurationName = Release;
		};
/* End XCConfigurationList section */
	};
	rootObject = 2D0B91481B2A77E30083389B /* Project object */;
}
